{
  "requires": true,
  "lockfileVersion": 1,
  "dependencies": {
    "jquery": {
      "version": "3.2.1",
      "resolved": "https://registry.npmjs.org/jquery/-/jquery-3.2.1.tgz",
      "integrity": "sha1-XE2d5lKvbNCncBVKYxu6ErAVx4c="
    },
    "semantic-ui-less": {
      "version": "2.2.12",
      "resolved": "https://registry.npmjs.org/semantic-ui-less/-/semantic-ui-less-2.2.12.tgz",
      "integrity": "sha512-QFuvJwbNJNr2K7ZJOw+pQC//LjiILTqc8q4CI9EvNZNO4vieSM1hedTv9qY7I3fMGDRxc1unzdkoV7udJuBOaA==",
      "requires": {
        "jquery": "3.2.1"
      }
    }
  }
}
